
Microsoft Visual Studio Solution File, Format Version 12.00
# Visual Studio Version 16
VisualStudioVersion = 16.0.31205.134
MinimumVisualStudioVersion = 10.0.40219.1
Project("{FAE04EC0-301F-11D3-BF4B-00C04F79EFBC}") = "TcpTyping-CSharp-Client", "TcpTyping-CSharp-Client\TcpTyping-CSharp-Client.csproj", "{572DECB2-2668-4EF8-BAE7-A40E2F24571C}"
EndProject
Global
	GlobalSection(SolutionConfigurationPlatforms) = preSolution
		Debug|Any CPU = Debug|Any CPU
		Release|Any CPU = Release|Any CPU
	EndGlobalSection
	GlobalSection(ProjectConfigurationPlatforms) = postSolution
		{572DECB2-2668-4EF8-BAE7-A40E2F24571C}.Debug|Any CPU.ActiveCfg = Debug|Any CPU
		{572DECB2-2668-4EF8-BAE7-A40E2F24571C}.Debug|Any CPU.Build.0 = Debug|Any CPU
		{572DECB2-2668-4EF8-BAE7-A40E2F24571C}.Release|Any CPU.ActiveCfg = Release|Any CPU
		{572DECB2-2668-4EF8-BAE7-A40E2F24571C}.Release|Any CPU.Build.0 = Release|Any CPU
	EndGlobalSection
	GlobalSection(SolutionProperties) = preSolution
		HideSolutionNode = FALSE
	EndGlobalSection
	GlobalSection(ExtensibilityGlobals) = postSolution
		SolutionGuid = {239EF118-7D48-4773-928A-8C03C78AB97E}
	EndGlobalSection
EndGlobal
